# This file is generated by running "yarn install" inside your project.
# Manual changes might be lost - proceed with caution!

__metadata:
  version: 6
  cacheKey: 8

"@isaacs/fs-minipass@npm:^4.0.0":
  version: 4.0.1
  resolution: "@isaacs/fs-minipass@npm:4.0.1"
  dependencies:
    minipass: ^7.0.4
  checksum: 5d36d289960e886484362d9eb6a51d1ea28baed5f5d0140bbe62b99bac52eaf06cc01c2bc0d3575977962f84f6b2c4387b043ee632216643d4787b0999465bf2
  languageName: node
  linkType: hard

"abbrev@npm:^4.0.0":
  version: 4.0.0
  resolution: "abbrev@npm:4.0.0"
  checksum: d0344b63d28e763f259b4898c41bdc92c08e9d06d0da5617d0bbe4d78244e46daea88c510a2f9472af59b031d9060ec1a999653144e793fd029a59dae2f56dc8
  languageName: node
  linkType: hard

"base64-js@npm:^1.3.1":
  version: 1.5.1
  resolution: "base64-js@npm:1.5.1"
  checksum: 669632eb3745404c2f822a18fc3a0122d2f9a7a13f7fb8b5823ee19d1d2ff9ee5b52c53367176ea4ad093c332fd5ab4bd0ebae5a8e27917a4105a4cfc86b1005
  languageName: node
  linkType: hard

"bindings@npm:^1.5.0":
  version: 1.5.0
  resolution: "bindings@npm:1.5.0"
  dependencies:
    file-uri-to-path: 1.0.0
  checksum: 65b6b48095717c2e6105a021a7da4ea435aa8d3d3cd085cb9e85bcb6e5773cf318c4745c3f7c504412855940b585bdf9b918236612a1c7a7942491de176f1ae7
  languageName: node
  linkType: hard

"bl@npm:^4.0.3":
  version: 4.1.0
  resolution: "bl@npm:4.1.0"
  dependencies:
    buffer: ^5.5.0
    inherits: ^2.0.4
    readable-stream: ^3.4.0
  checksum: 9e8521fa7e83aa9427c6f8ccdcba6e8167ef30cc9a22df26effcc5ab682ef91d2cbc23a239f945d099289e4bbcfae7a192e9c28c84c6202e710a0dfec3722662
  languageName: node
  linkType: hard

"buffer@npm:^5.5.0":
  version: 5.7.1
  resolution: "buffer@npm:5.7.1"
  dependencies:
    base64-js: ^1.3.1
    ieee754: ^1.1.13
  checksum: e2cf8429e1c4c7b8cbd30834ac09bd61da46ce35f5c22a78e6c2f04497d6d25541b16881e30a019c6fd3154150650ccee27a308eff3e26229d788bbdeb08ab84
  languageName: node
  linkType: hard

"chownr@npm:^1.1.1":
  version: 1.1.4
  resolution: "chownr@npm:1.1.4"
  checksum: 115648f8eb38bac5e41c3857f3e663f9c39ed6480d1349977c4d96c95a47266fcacc5a5aabf3cb6c481e22d72f41992827db47301851766c4fd77ac21a4f081d
  languageName: node
  linkType: hard

"chownr@npm:^3.0.0":
  version: 3.0.0
  resolution: "chownr@npm:3.0.0"
  checksum: fd73a4bab48b79e66903fe1cafbdc208956f41ea4f856df883d0c7277b7ab29fd33ee65f93b2ec9192fc0169238f2f8307b7735d27c155821d886b84aa97aa8d
  languageName: node
  linkType: hard

"debug@npm:^4.3.4":
  version: 4.4.3
  resolution: "debug@npm:4.4.3"
  dependencies:
    ms: ^2.1.3
  peerDependenciesMeta:
    supports-color:
      optional: true
  checksum: 4805abd570e601acdca85b6aa3757186084a45cff9b2fa6eee1f3b173caa776b45f478b2a71a572d616d2010cea9211d0ac4a02a610e4c18ac4324bde3760834
  languageName: node
  linkType: hard

"decompress-response@npm:^6.0.0":
  version: 6.0.0
  resolution: "decompress-response@npm:6.0.0"
  dependencies:
    mimic-response: ^3.1.0
  checksum: d377cf47e02d805e283866c3f50d3d21578b779731e8c5072d6ce8c13cc31493db1c2f6784da9d1d5250822120cefa44f1deab112d5981015f2e17444b763812
  languageName: node
  linkType: hard

"deep-extend@npm:^0.6.0":
  version: 0.6.0
  resolution: "deep-extend@npm:0.6.0"
  checksum: 7be7e5a8d468d6b10e6a67c3de828f55001b6eb515d014f7aeb9066ce36bd5717161eb47d6a0f7bed8a9083935b465bc163ee2581c8b128d29bf61092fdf57a7
  languageName: node
  linkType: hard

"detect-libc@npm:^2.0.0":
  version: 2.1.2
  resolution: "detect-libc@npm:2.1.2"
  checksum: 471740d52365084c4b2ae359e507b863f2b1d79b08a92835ebdf701918e08fc9cfba175b3db28483ca33b155e1311a91d69dc42c6d192b476f41a9e1f094ce6a
  languageName: node
  linkType: hard

"drivelist@npm:12.0.2":
  version: 12.0.2
  resolution: "drivelist@npm:12.0.2"
  dependencies:
    bindings: ^1.5.0
    debug: ^4.3.4
    node-addon-api: ^8.0.0
    node-gyp: latest
    prebuild-install: ^7.1.1
  checksum: a17118d173bbc462f1b0a55348202e898669d737db5e796cf56ac24a7357364e479d378a114195a05f1b01ec4acf6ece727b69a4e596144a144ef12fa636921a
  languageName: node
  linkType: hard

"end-of-stream@npm:^1.1.0, end-of-stream@npm:^1.4.1":
  version: 1.4.5
  resolution: "end-of-stream@npm:1.4.5"
  dependencies:
    once: ^1.4.0
  checksum: 1e0cfa6e7f49887544e03314f9dfc56a8cb6dde910cbb445983ecc2ff426fc05946df9d75d8a21a3a64f2cecfe1bf88f773952029f46756b2ed64a24e95b1fb8
  languageName: node
  linkType: hard

"env-paths@npm:^2.2.0":
  version: 2.2.1
  resolution: "env-paths@npm:2.2.1"
  checksum: 65b5df55a8bab92229ab2b40dad3b387fad24613263d103a97f91c9fe43ceb21965cd3392b1ccb5d77088021e525c4e0481adb309625d0cb94ade1d1fb8dc17e
  languageName: node
  linkType: hard

"expand-template@npm:^2.0.3":
  version: 2.0.3
  resolution: "expand-template@npm:2.0.3"
  checksum: 588c19847216421ed92befb521767b7018dc88f88b0576df98cb242f20961425e96a92cbece525ef28cc5becceae5d544ae0f5b9b5e2aa05acb13716ca5b3099
  languageName: node
  linkType: hard

"exponential-backoff@npm:^3.1.1":
  version: 3.1.3
  resolution: "exponential-backoff@npm:3.1.3"
  checksum: 471fdb70fd3d2c08a74a026973bdd4105b7832911f610ca67bbb74e39279411c1eed2f2a110c9d41c2edd89459ba58fdaba1c174beed73e7a42d773882dcff82
  languageName: node
  linkType: hard

"fdir@npm:^6.5.0":
  version: 6.5.0
  resolution: "fdir@npm:6.5.0"
  peerDependencies:
    picomatch: ^3 || ^4
  peerDependenciesMeta:
    picomatch:
      optional: true
  checksum: bd537daa9d3cd53887eed35efa0eab2dbb1ca408790e10e024120e7a36c6e9ae2b33710cb8381e35def01bc9c1d7eaba746f886338413e68ff6ebaee07b9a6e8
  languageName: node
  linkType: hard

"file-uri-to-path@npm:1.0.0":
  version: 1.0.0
  resolution: "file-uri-to-path@npm:1.0.0"
  checksum: b648580bdd893a008c92c7ecc96c3ee57a5e7b6c4c18a9a09b44fb5d36d79146f8e442578bc0e173dc027adf3987e254ba1dfd6e3ec998b7c282873010502144
  languageName: node
  linkType: hard

"fs-constants@npm:^1.0.0":
  version: 1.0.0
  resolution: "fs-constants@npm:1.0.0"
  checksum: 18f5b718371816155849475ac36c7d0b24d39a11d91348cfcb308b4494824413e03572c403c86d3a260e049465518c4f0d5bd00f0371cdfcad6d4f30a85b350d
  languageName: node
  linkType: hard

"github-from-package@npm:0.0.0":
  version: 0.0.0
  resolution: "github-from-package@npm:0.0.0"
  checksum: 14e448192a35c1e42efee94c9d01a10f42fe790375891a24b25261246ce9336ab9df5d274585aedd4568f7922246c2a78b8a8cd2571bfe99c693a9718e7dd0e3
  languageName: node
  linkType: hard

"graceful-fs@npm:^4.2.6":
  version: 4.2.11
  resolution: "graceful-fs@npm:4.2.11"
  checksum: ac85f94da92d8eb6b7f5a8b20ce65e43d66761c55ce85ac96df6865308390da45a8d3f0296dd3a663de65d30ba497bd46c696cc1e248c72b13d6d567138a4fc7
  languageName: node
  linkType: hard

"ieee754@npm:^1.1.13":
  version: 1.2.1
  resolution: "ieee754@npm:1.2.1"
  checksum: 5144c0c9815e54ada181d80a0b810221a253562422e7c6c3a60b1901154184f49326ec239d618c416c1c5945a2e197107aee8d986a3dd836b53dffefd99b5e7e
  languageName: node
  linkType: hard

"inherits@npm:^2.0.3, inherits@npm:^2.0.4":
  version: 2.0.4
  resolution: "inherits@npm:2.0.4"
  checksum: 4a48a733847879d6cf6691860a6b1e3f0f4754176e4d71494c41f3475553768b10f84b5ce1d40fbd0e34e6bfbb864ee35858ad4dd2cf31e02fc4a154b724d7f1
  languageName: node
  linkType: hard

"ini@npm:~1.3.0":
  version: 1.3.8
  resolution: "ini@npm:1.3.8"
  checksum: dfd98b0ca3a4fc1e323e38a6c8eb8936e31a97a918d3b377649ea15bdb15d481207a0dda1021efbd86b464cae29a0d33c1d7dcaf6c5672bee17fa849bc50a1b3
  languageName: node
  linkType: hard

"isexe@npm:^4.0.0":
  version: 4.0.0
  resolution: "isexe@npm:4.0.0"
  checksum: 2ead327ef596042ef9c9ec5f236b316acfaedb87f4bb61b3c3d574fb2e9c8a04b67305e04733bde52c24d9622fdebd3270aadb632adfbf9cadef88fe30f479e5
  languageName: node
  linkType: hard

"keytar@npm:7.9.0":
  version: 7.9.0
  resolution: "keytar@npm:7.9.0"
  dependencies:
    node-addon-api: ^4.3.0
    node-gyp: latest
    prebuild-install: ^7.0.1
  checksum: 4dbdd21f69e21a53032cbc949847f57338e42df763c5eec04e1b5d7142a689f95d8c3d74fb3b7dc321b5d678271d8d8d1a0dcaa919673ebc50ef8ce76f354e21
  languageName: node
  linkType: hard

"mimic-response@npm:^3.1.0":
  version: 3.1.0
  resolution: "mimic-response@npm:3.1.0"
  checksum: 25739fee32c17f433626bf19f016df9036b75b3d84a3046c7d156e72ec963dd29d7fc8a302f55a3d6c5a4ff24259676b15d915aad6480815a969ff2ec0836867
  languageName: node
  linkType: hard

"minimist@npm:^1.2.0, minimist@npm:^1.2.3":
  version: 1.2.8
  resolution: "minimist@npm:1.2.8"
  checksum: 75a6d645fb122dad29c06a7597bddea977258957ed88d7a6df59b5cd3fe4a527e253e9bbf2e783e4b73657f9098b96a5fe96ab8a113655d4109108577ecf85b0
  languageName: node
  linkType: hard

"minipass@npm:^7.0.4, minipass@npm:^7.1.2":
  version: 7.1.3
  resolution: "minipass@npm:7.1.3"
  checksum: 2ede17c0bf8fec499be3360fd07f0ec7666189e3907320a9b653f1530cf84af98928c5b12d80bfb75f321833bf2e97785b940540213ebdafe97a5f10327e664d
  languageName: node
  linkType: hard

"minizlib@npm:^3.1.0":
  version: 3.1.0
  resolution: "minizlib@npm:3.1.0"
  dependencies:
    minipass: ^7.1.2
  checksum: a15e6f0128f514b7d41a1c68ce531155447f4669e32d279bba1c1c071ef6c2abd7e4d4579bb59ccc2ed1531346749665968fdd7be8d83eb6b6ae2fe1f3d370a7
  languageName: node
  linkType: hard

"mkdirp-classic@npm:^0.5.2, mkdirp-classic@npm:^0.5.3":
  version: 0.5.3
  resolution: "mkdirp-classic@npm:0.5.3"
  checksum: 3f4e088208270bbcc148d53b73e9a5bd9eef05ad2cbf3b3d0ff8795278d50dd1d11a8ef1875ff5aea3fa888931f95bfcb2ad5b7c1061cfefd6284d199e6776ac
  languageName: node
  linkType: hard

"ms@npm:^2.1.3":
  version: 2.1.3
  resolution: "ms@npm:2.1.3"
  checksum: aa92de608021b242401676e35cfa5aa42dd70cbdc082b916da7fb925c542173e36bce97ea3e804923fe92c0ad991434e4a38327e15a1b5b5f945d66df615ae6d
  languageName: node
  linkType: hard

"napi-build-utils@npm:^2.0.0":
  version: 2.0.0
  resolution: "napi-build-utils@npm:2.0.0"
  checksum: 532121efd2dd2272595580bca48859e404bdd4ed455a72a28432ba44868c38d0e64fac3026a8f82bf8563d2a18b32eb9a1d59e601a9da4e84ba4d45b922297f5
  languageName: node
  linkType: hard

"node-abi@npm:^3.3.0":
  version: 3.89.0
  resolution: "node-abi@npm:3.89.0"
  dependencies:
    semver: ^7.3.5
  checksum: 5e29c93999f31d367c2067a8d0711f7a6ffdbd606c73fc4b3efa3e4195f923c4d956b46ea16d9d2148e4c857fd22e649de122980a64c160ba59240f6a0880274
  languageName: node
  linkType: hard

"node-addon-api@npm:^4.3.0":
  version: 4.3.0
  resolution: "node-addon-api@npm:4.3.0"
  dependencies:
    node-gyp: latest
  checksum: 3de396e23cc209f539c704583e8e99c148850226f6e389a641b92e8967953713228109f919765abc1f4355e801e8f41842f96210b8d61c7dcc10a477002dcf00
  languageName: node
  linkType: hard

"node-addon-api@npm:^8.0.0":
  version: 8.7.0
  resolution: "node-addon-api@npm:8.7.0"
  dependencies:
    node-gyp: latest
  checksum: d5bd72f15c1fe66be8acc1801d6a379a9740a86c2bcf8cac75e8dbb59068da331516f24b999b8437f4cc5a40e5e21925cc3f56c9c40c59d1a934e33acf1a81b3
  languageName: node
  linkType: hard

"node-gyp@npm:latest":
  version: 12.3.0
  resolution: "node-gyp@npm:12.3.0"
  dependencies:
    env-paths: ^2.2.0
    exponential-backoff: ^3.1.1
    graceful-fs: ^4.2.6
    nopt: ^9.0.0
    proc-log: ^6.0.0
    semver: ^7.3.5
    tar: ^7.5.4
    tinyglobby: ^0.2.12
    undici: ^6.25.0
    which: ^6.0.0
  bin:
    node-gyp: bin/node-gyp.js
  checksum: b02e8776908a83f25b8df88f0b79c46b425f9b7f442ebe3c4a50b9820128c1b44df6b386214c73d509964995d820edbda94bb0c811b6b60a686231afb699acf7
  languageName: node
  linkType: hard

"nopt@npm:^9.0.0":
  version: 9.0.0
  resolution: "nopt@npm:9.0.0"
  dependencies:
    abbrev: ^4.0.0
  bin:
    nopt: bin/nopt.js
  checksum: 7a5d9ab0629eaec1944a95438cc4efa6418ed2834aa8eb21a1bea579a7d8ac3e30120131855376a96ef59ab0e23ad8e0bc94d3349770a95e5cb7119339f7c7fb
  languageName: node
  linkType: hard

"once@npm:^1.3.1, once@npm:^1.4.0":
  version: 1.4.0
  resolution: "once@npm:1.4.0"
  dependencies:
    wrappy: 1
  checksum: cd0a88501333edd640d95f0d2700fbde6bff20b3d4d9bdc521bdd31af0656b5706570d6c6afe532045a20bb8dc0849f8332d6f2a416e0ba6d3d3b98806c7db68
  languageName: node
  linkType: hard

"picomatch@npm:^4.0.4":
  version: 4.0.4
  resolution: "picomatch@npm:4.0.4"
  checksum: 76b387b5157951422fa6049a96bdd1695e39dd126cd99df34d343638dc5cdb8bcdc83fff288c23eddcf7c26657c35e3173d4d5f488c4f28b889b314472e0a662
  languageName: node
  linkType: hard

"prebuild-install@npm:^7.0.1, prebuild-install@npm:^7.1.1":
  version: 7.1.3
  resolution: "prebuild-install@npm:7.1.3"
  dependencies:
    detect-libc: ^2.0.0
    expand-template: ^2.0.3
    github-from-package: 0.0.0
    minimist: ^1.2.3
    mkdirp-classic: ^0.5.3
    napi-build-utils: ^2.0.0
    node-abi: ^3.3.0
    pump: ^3.0.0
    rc: ^1.2.7
    simple-get: ^4.0.0
    tar-fs: ^2.0.0
    tunnel-agent: ^0.6.0
  bin:
    prebuild-install: bin.js
  checksum: 300740ca415e9ddbf2bd363f1a6d2673cc11dd0665c5ec431bbb5bf024c2f13c56791fb939ce2b2a2c12f2d2a09c91316169e8063a80eb4482a44b8fe5b265e1
  languageName: node
  linkType: hard

"proc-log@npm:^6.0.0":
  version: 6.1.0
  resolution: "proc-log@npm:6.1.0"
  checksum: ac450ff8244e95b0c9935b52d629fef92ae69b7e39aea19972a8234259614d644402dd62ce9cb094f4a637d8a4514cba90c1456ad785a40ad5b64d502875a817
  languageName: node
  linkType: hard

"pump@npm:^3.0.0":
  version: 3.0.4
  resolution: "pump@npm:3.0.4"
  dependencies:
    end-of-stream: ^1.1.0
    once: ^1.3.1
  checksum: d043c3e710c56ffd280711e98a94e863ab334f79ea43cee0fb70e1349b2355ffd2ff287c7522e4c960a247699d5b7825f00fa090b85d6179c973be13f78a6c49
  languageName: node
  linkType: hard

"rc@npm:^1.2.7":
  version: 1.2.8
  resolution: "rc@npm:1.2.8"
  dependencies:
    deep-extend: ^0.6.0
    ini: ~1.3.0
    minimist: ^1.2.0
    strip-json-comments: ~2.0.1
  bin:
    rc: ./cli.js
  checksum: 2e26e052f8be2abd64e6d1dabfbd7be03f80ec18ccbc49562d31f617d0015fbdbcf0f9eed30346ea6ab789e0fdfe4337f033f8016efdbee0df5354751842080e
  languageName: node
  linkType: hard

"readable-stream@npm:^3.1.1, readable-stream@npm:^3.4.0":
  version: 3.6.2
  resolution: "readable-stream@npm:3.6.2"
  dependencies:
    inherits: ^2.0.3
    string_decoder: ^1.1.1
    util-deprecate: ^1.0.1
  checksum: bdcbe6c22e846b6af075e32cf8f4751c2576238c5043169a1c221c92ee2878458a816a4ea33f4c67623c0b6827c8a400409bfb3cf0bf3381392d0b1dfb52ac8d
  languageName: node
  linkType: hard

"safe-buffer@npm:^5.0.1, safe-buffer@npm:~5.2.0":
  version: 5.2.1
  resolution: "safe-buffer@npm:5.2.1"
  checksum: b99c4b41fdd67a6aaf280fcd05e9ffb0813654894223afb78a31f14a19ad220bba8aba1cb14eddce1fcfb037155fe6de4e861784eb434f7d11ed58d1e70dd491
  languageName: node
  linkType: hard

"semver@npm:^7.3.5":
  version: 7.7.4
  resolution: "semver@npm:7.7.4"
  bin:
    semver: bin/semver.js
  checksum: 9b4a6a58e98b9723fafcafa393c9d4e8edefaa60b8dfbe39e30892a3604cf1f45f52df9cfb1ae1a22b44c8b3d57fec8a9bb7b3e1645431587cb272399ede152e
  languageName: node
  linkType: hard

"simple-concat@npm:^1.0.0":
  version: 1.0.1
  resolution: "simple-concat@npm:1.0.1"
  checksum: 4d211042cc3d73a718c21ac6c4e7d7a0363e184be6a5ad25c8a1502e49df6d0a0253979e3d50dbdd3f60ef6c6c58d756b5d66ac1e05cda9cacd2e9fc59e3876a
  languageName: node
  linkType: hard

"simple-get@npm:^4.0.0":
  version: 4.0.1
  resolution: "simple-get@npm:4.0.1"
  dependencies:
    decompress-response: ^6.0.0
    once: ^1.3.1
    simple-concat: ^1.0.0
  checksum: e4132fd27cf7af230d853fa45c1b8ce900cb430dd0a3c6d3829649fe4f2b26574c803698076c4006450efb0fad2ba8c5455fbb5755d4b0a5ec42d4f12b31d27e
  languageName: node
  linkType: hard

"string_decoder@npm:^1.1.1":
  version: 1.3.0
  resolution: "string_decoder@npm:1.3.0"
  dependencies:
    safe-buffer: ~5.2.0
  checksum: 8417646695a66e73aefc4420eb3b84cc9ffd89572861fe004e6aeb13c7bc00e2f616247505d2dbbef24247c372f70268f594af7126f43548565c68c117bdeb56
  languageName: node
  linkType: hard

"strip-json-comments@npm:~2.0.1":
  version: 2.0.1
  resolution: "strip-json-comments@npm:2.0.1"
  checksum: 1074ccb63270d32ca28edfb0a281c96b94dc679077828135141f27d52a5a398ef5e78bcf22809d23cadc2b81dfbe345eb5fd8699b385c8b1128907dec4a7d1e1
  languageName: node
  linkType: hard

"tar-fs@npm:^2.0.0":
  version: 2.1.4
  resolution: "tar-fs@npm:2.1.4"
  dependencies:
    chownr: ^1.1.1
    mkdirp-classic: ^0.5.2
    pump: ^3.0.0
    tar-stream: ^2.1.4
  checksum: a9e18e2e6114b8ac2568d7c2b42d006b1fe30d83957e4e75ba2361a889c2fc54e54236476782d06494e081358a393feacdf19311df12b3056c8a64dc1f7ed309
  languageName: node
  linkType: hard

"tar-stream@npm:^2.1.4":
  version: 2.2.0
  resolution: "tar-stream@npm:2.2.0"
  dependencies:
    bl: ^4.0.3
    end-of-stream: ^1.4.1
    fs-constants: ^1.0.0
    inherits: ^2.0.3
    readable-stream: ^3.1.1
  checksum: 699831a8b97666ef50021c767f84924cfee21c142c2eb0e79c63254e140e6408d6d55a065a2992548e72b06de39237ef2b802b99e3ece93ca3904a37622a66f3
  languageName: node
  linkType: hard

"tar@npm:^7.5.4":
  version: 7.5.13
  resolution: "tar@npm:7.5.13"
  dependencies:
    "@isaacs/fs-minipass": ^4.0.0
    chownr: ^3.0.0
    minipass: ^7.1.2
    minizlib: ^3.1.0
    yallist: ^5.0.0
  checksum: adcc2a9179dab1b36ecb26575e698d2df8491a1df2cc83e2a0fdd8eaefd076da60dd2e20383a37760b5790bee34e9291aa2b2a9b3deef37ff03c1046219e5df7
  languageName: node
  linkType: hard

"tidepool-uploader@workspace:.":
  version: 0.0.0-use.local
  resolution: "tidepool-uploader@workspace:."
  dependencies:
    drivelist: 12.0.2
    keytar: 7.9.0
  languageName: unknown
  linkType: soft

"tinyglobby@npm:^0.2.12":
  version: 0.2.16
  resolution: "tinyglobby@npm:0.2.16"
  dependencies:
    fdir: ^6.5.0
    picomatch: ^4.0.4
  checksum: db9d22ce1deb1095720a683c492cd5e80da0f71fed21ed697e2752f6f298edd8a1249dab197c86a26f001c180594a81bf532400fe519791ed2a2cb57b03bc337
  languageName: node
  linkType: hard

"tunnel-agent@npm:^0.6.0":
  version: 0.6.0
  resolution: "tunnel-agent@npm:0.6.0"
  dependencies:
    safe-buffer: ^5.0.1
  checksum: 05f6510358f8afc62a057b8b692f05d70c1782b70db86d6a1e0d5e28a32389e52fa6e7707b6c5ecccacc031462e4bc35af85ecfe4bbc341767917b7cf6965711
  languageName: node
  linkType: hard

"undici@npm:^6.25.0":
  version: 6.27.0
  resolution: "undici@npm:6.27.0"
  checksum: 3c3c591d9cc70b72ed20ec19fcbab04f184827bcb05241a215f92a081e6e73cab506cd2b334e3beb359304c2e53b6e8722c31327124d9db8122bb06fed7be372
  languageName: node
  linkType: hard

"util-deprecate@npm:^1.0.1":
  version: 1.0.2
  resolution: "util-deprecate@npm:1.0.2"
  checksum: 474acf1146cb2701fe3b074892217553dfcf9a031280919ba1b8d651a068c9b15d863b7303cb15bd00a862b498e6cf4ad7b4a08fb134edd5a6f7641681cb54a2
  languageName: node
  linkType: hard

"which@npm:^6.0.0":
  version: 6.0.1
  resolution: "which@npm:6.0.1"
  dependencies:
    isexe: ^4.0.0
  bin:
    node-which: bin/which.js
  checksum: dbea77c7d3058bf6c78bf9659d2dce4d2b57d39a15b826b2af6ac2e5a219b99dc8a831b79fdbc453c0598adb4f3f84cf9c2491fd52beb9f5d2dececcad117f68
  languageName: node
  linkType: hard

"wrappy@npm:1":
  version: 1.0.2
  resolution: "wrappy@npm:1.0.2"
  checksum: 159da4805f7e84a3d003d8841557196034155008f817172d4e986bd591f74aa82aa7db55929a54222309e01079a65a92a9e6414da5a6aa4b01ee44a511ac3ee5
  languageName: node
  linkType: hard

"yallist@npm:^5.0.0":
  version: 5.0.0
  resolution: "yallist@npm:5.0.0"
  checksum: eba51182400b9f35b017daa7f419f434424410691bbc5de4f4240cc830fdef906b504424992700dc047f16b4d99100a6f8b8b11175c193f38008e9c96322b6a5
  languageName: node
  linkType: hard
